# THIS IS AN AUTOGENERATED FILE. DO NOT EDIT THIS FILE DIRECTLY.
# yarn lockfile v1


"@dcloudio/uni-ui@^1.3.2":
  version "1.4.12"
  resolved "https://registry.npmjs.org/@dcloudio/uni-ui/-/uni-ui-1.4.12.tgz#0482929068780ed7373aff3535fb4433cade22a1"
  integrity sha512-sGVHU8Fz/L6NtrsClw8d38SPI16oCgBBQ7fYBVTV1hgS8brFVL56ti9tbY/Qx5qw6+ZPzAzb9lfiG6Tqi4kIJw==

crypto-js@^4.1.1:
  version "4.1.1"
  resolved "https://registry.npmjs.org/crypto-js/-/crypto-js-4.1.1.tgz#9e485bcf03521041bd85844786b83fb7619736cf"
  integrity sha512-o2JlM7ydqd3Qk9CA0L4NL6mTzU2sdx96a+oOfPu8Mkl/PK51vSyoi8/rQ8NknZtk44vq15lmhAj9CIAGwgeWKw==

lucky-canvas@~1.5.8:
  version "1.5.14"
  resolved "https://registry.npmjs.org/lucky-canvas/-/lucky-canvas-1.5.14.tgz#f4d4b659921c973c584ad89bd17ed581d28935f9"
  integrity sha512-tZq0JcUK7lyF7+KhywNNbtR26JOi0I6MNFe9rMi1D/wz50/3Mb9gpFKvh/d4O6/nQa2wRkYGONCVbYHGMf7tgA==

moment@^2.19.2:
  version "2.29.1"
  resolved "https://registry.npmjs.org/moment/-/moment-2.29.1.tgz#b2be769fa31940be9eeea6469c075e35006fa3d3"
  integrity sha512-kHmoybcPV8Sqy59DwNDY3Jefr64lK/by/da0ViFcuA4DH0vQg5Q6Ze5VimxkfQNSC+Mls/Kx53s7TjP1RhFEDQ==

pako@^1.0.11:
  version "1.0.11"
  resolved "https://registry.npmjs.org/pako/-/pako-1.0.11.tgz#6c9599d340d54dfd3946380252a35705a6b992bf"
  integrity sha512-4hLB8Py4zZce5s4yd9XzopqwVv/yGNhV1Bl8NTmCq1763HeK2+EwVTv+leGeL13Dnh2wfbqowVPXCIO0z4taYw==

tki-qrcode@^0.1.6:
  version "0.1.6"
  resolved "https://registry.npmjs.org/tki-qrcode/-/tki-qrcode-0.1.6.tgz#71373d9c4b3f8944faa54d3ee998aba33d97de7f"
  integrity sha512-EnnlS8psowC7PsW3MDYcxvJYkuklX3WAZ/BYanR4TdBHTu74GfjTBX8Y16REP+AeDENiVtBPh4jtTRL2P736hQ==

uni-luck-draw@^1.3.8:
  version "1.4.6"
  resolved "https://registry.npmjs.org/uni-luck-draw/-/uni-luck-draw-1.4.6.tgz#4a03971cfb50e42e2c57cfcc31d44c6848431cfd"
  integrity sha512-zUUqomr9X65/EiRzK//WbSy3wHP6rAI5PPirhAVMMA+dGZXrmZw1Fl81+R5selQb/crLXoQbZ5ZB1ip+j56Z7w==
  dependencies:
    lucky-canvas "~1.5.8"

uview-ui@^1.8.4:
  version "1.8.5"
  resolved "https://registry.npmjs.org/uview-ui/-/uview-ui-1.8.5.tgz#15bc72b8542285db2d09f99f24c629e3f9832a3e"
  integrity sha512-dZHtRAH5HW1dLZW5HfO0hDrGpcxnMgbLDLKxbM/jRvgytJBKF7icpuIU607fVF0lGaKp3jUE/IhqoIw4uliYAA==

vue-moment@^4.1.0:
  version "4.1.0"
  resolved "https://registry.npmjs.org/vue-moment/-/vue-moment-4.1.0.tgz#092a8ff723a96c6f85a0a8e23ad30f0bf320f3b0"
  integrity sha512-Gzisqpg82ItlrUyiD9d0Kfru+JorW2o4mQOH06lEDZNgxci0tv/fua1Hl0bo4DozDV2JK1r52Atn/8QVCu8qQw==
  dependencies:
    moment "^2.19.2"
